# This file is automatically @generated by Cargo.
# It is not intended for manual editing.
version = 4

[[package]]
name = "guest-common"
version = "0.1.0"
dependencies = [
 "hv-guest-abi",
 "hv-types",
]

[[package]]
name = "guest-in"
version = "0.1.0"
dependencies = [
 "guest-common",
]

[[package]]
name = "guest-mid"
version = "0.1.0"
dependencies = [
 "guest-common",
]

[[package]]
name = "guest-out"
version = "0.1.0"
dependencies = [
 "guest-common",
]

[[package]]
name = "hv-guest-abi"
version = "0.1.0"
dependencies = [
 "hv-types",
]

[[package]]
name = "hv-types"
version = "0.1.0"
